
Microsoft Visual Studio Solution File, Format Version 12.00
# Visual Studio for Mac
Project("{FAE04EC0-301F-11D3-BF4B-00C04F79EFBC}") = "Assembly-CSharp", "Assembly-CSharp.csproj", "{89EFBB8D-D129-F62D-D33F-B8308B2F61A3}"
EndProject
Project("{FAE04EC0-301F-11D3-BF4B-00C04F79EFBC}") = "Assembly-CSharp-Editor", "Assembly-CSharp-Editor.csproj", "{B1336FFB-86E0-25C2-A50B-C9D7901E9B2F}"
EndProject
Global
	GlobalSection(SolutionConfigurationPlatforms) = preSolution
		Debug|Any CPU = Debug|Any CPU
		Release|Any CPU = Release|Any CPU
	EndGlobalSection
	GlobalSection(ProjectConfigurationPlatforms) = postSolution
		{89EFBB8D-D129-F62D-D33F-B8308B2F61A3}.Debug|Any CPU.ActiveCfg = Debug|Any CPU
		{89EFBB8D-D129-F62D-D33F-B8308B2F61A3}.Debug|Any CPU.Build.0 = Debug|Any CPU
		{89EFBB8D-D129-F62D-D33F-B8308B2F61A3}.Release|Any CPU.ActiveCfg = Release|Any CPU
		{89EFBB8D-D129-F62D-D33F-B8308B2F61A3}.Release|Any CPU.Build.0 = Release|Any CPU
		{B1336FFB-86E0-25C2-A50B-C9D7901E9B2F}.Debug|Any CPU.ActiveCfg = Debug|Any CPU
		{B1336FFB-86E0-25C2-A50B-C9D7901E9B2F}.Debug|Any CPU.Build.0 = Debug|Any CPU
		{B1336FFB-86E0-25C2-A50B-C9D7901E9B2F}.Release|Any CPU.ActiveCfg = Release|Any CPU
		{B1336FFB-86E0-25C2-A50B-C9D7901E9B2F}.Release|Any CPU.Build.0 = Release|Any CPU
	EndGlobalSection
	GlobalSection(SolutionProperties) = preSolution
		HideSolutionNode = FALSE
	EndGlobalSection
EndGlobal
